
Microsoft Visual Studio Solution File, Format Version 12.00
# Visual Studio Version 17
VisualStudioVersion = 17.2.32616.157
MinimumVisualStudioVersion = 10.0.40219.1
Project("{FAE04EC0-301F-11D3-BF4B-00C04F79EFBC}") = "DashBoard", "DashBoard.csproj", "{100BB539-CDED-4D88-B907-EEC9BF5C8752}"
EndProject
Global
	GlobalSection(SolutionConfigurationPlatforms) = preSolution
		Debug|Any CPU = Debug|Any CPU
		Release|Any CPU = Release|Any CPU
	EndGlobalSection
	GlobalSection(ProjectConfigurationPlatforms) = postSolution
		{100BB539-CDED-4D88-B907-EEC9BF5C8752}.Debug|Any CPU.ActiveCfg = Debug|Any CPU
		{100BB539-CDED-4D88-B907-EEC9BF5C8752}.Debug|Any CPU.Build.0 = Debug|Any CPU
		{100BB539-CDED-4D88-B907-EEC9BF5C8752}.Release|Any CPU.ActiveCfg = Release|Any CPU
		{100BB539-CDED-4D88-B907-EEC9BF5C8752}.Release|Any CPU.Build.0 = Release|Any CPU
	EndGlobalSection
	GlobalSection(SolutionProperties) = preSolution
		HideSolutionNode = FALSE
	EndGlobalSection
	GlobalSection(ExtensibilityGlobals) = postSolution
		SolutionGuid = {A987E784-8B1E-46CB-A52E-16499DAC142F}
	EndGlobalSection
EndGlobal
